
Microsoft Visual Studio Solution File, Format Version 12.00
# Visual Studio Version 16
VisualStudioVersion = 16.0.29519.87
MinimumVisualStudioVersion = 10.0.40219.1
Project("{FAE04EC0-301F-11D3-BF4B-00C04F79EFBC}") = "VoukoderManager.GUI", "VoukoderManager.GUI\VoukoderManager.GUI.csproj", "{E3679D3D-A9CD-415B-83AA-C13EDA0A53D5}"
EndProject
Project("{9A19103F-16F7-4668-BE54-9A1E7A4F7556}") = "VoukoderManager.Lang", "VoukoderManager.Lang\VoukoderManager.Lang.csproj", "{33C89440-B46C-48EF-AE80-15267C2CE567}"
EndProject
Project("{9A19103F-16F7-4668-BE54-9A1E7A4F7556}") = "VoukoderManager.Core", "VoukoderManager.Core\VoukoderManager.Core.csproj", "{C454820F-9287-4F21-B991-826A24FF08E2}"
EndProject
Project("{FAE04EC0-301F-11D3-BF4B-00C04F79EFBC}") = "VoukoderManager.Controls", "VoukoderManager.Controls\VoukoderManager.Controls.csproj", "{D9411103-127A-4CC4-95EA-635C38846BAA}"
EndProject
Global
	GlobalSection(SolutionConfigurationPlatforms) = preSolution
		Debug|Any CPU = Debug|Any CPU
		Release|Any CPU = Release|Any CPU
	EndGlobalSection
	GlobalSection(ProjectConfigurationPlatforms) = postSolution
		{E3679D3D-A9CD-415B-83AA-C13EDA0A53D5}.Debug|Any CPU.ActiveCfg = Debug|Any CPU
		{E3679D3D-A9CD-415B-83AA-C13EDA0A53D5}.Debug|Any CPU.Build.0 = Debug|Any CPU
		{E3679D3D-A9CD-415B-83AA-C13EDA0A53D5}.Release|Any CPU.ActiveCfg = Release|Any CPU
		{E3679D3D-A9CD-415B-83AA-C13EDA0A53D5}.Release|Any CPU.Build.0 = Release|Any CPU
		{33C89440-B46C-48EF-AE80-15267C2CE567}.Debug|Any CPU.ActiveCfg = Debug|Any CPU
		{33C89440-B46C-48EF-AE80-15267C2CE567}.Debug|Any CPU.Build.0 = Debug|Any CPU
		{33C89440-B46C-48EF-AE80-15267C2CE567}.Release|Any CPU.ActiveCfg = Release|Any CPU
		{33C89440-B46C-48EF-AE80-15267C2CE567}.Release|Any CPU.Build.0 = Release|Any CPU
		{C454820F-9287-4F21-B991-826A24FF08E2}.Debug|Any CPU.ActiveCfg = Debug|Any CPU
		{C454820F-9287-4F21-B991-826A24FF08E2}.Debug|Any CPU.Build.0 = Debug|Any CPU
		{C454820F-9287-4F21-B991-826A24FF08E2}.Release|Any CPU.ActiveCfg = Release|Any CPU
		{C454820F-9287-4F21-B991-826A24FF08E2}.Release|Any CPU.Build.0 = Release|Any CPU
		{D9411103-127A-4CC4-95EA-635C38846BAA}.Debug|Any CPU.ActiveCfg = Debug|Any CPU
		{D9411103-127A-4CC4-95EA-635C38846BAA}.Debug|Any CPU.Build.0 = Debug|Any CPU
		{D9411103-127A-4CC4-95EA-635C38846BAA}.Release|Any CPU.ActiveCfg = Release|Any CPU
		{D9411103-127A-4CC4-95EA-635C38846BAA}.Release|Any CPU.Build.0 = Release|Any CPU
	EndGlobalSection
	GlobalSection(SolutionProperties) = preSolution
		HideSolutionNode = FALSE
	EndGlobalSection
	GlobalSection(ExtensibilityGlobals) = postSolution
		SolutionGuid = {FAFECB36-D94B-442B-B30E-3AA110601117}
	EndGlobalSection
EndGlobal
